
Microsoft Visual Studio Solution File, Format Version 12.00
# Visual Studio 15
VisualStudioVersion = 15.0.27130.2036
MinimumVisualStudioVersion = 10.0.40219.1
Project("{FAE04EC0-301F-11D3-BF4B-00C04F79EFBC}") = "TrainSpotter", "TrainSpotter\TrainSpotter.csproj", "{EE7DCDE9-6476-492A-8C24-06E39DB61F6B}"
EndProject
Global
	GlobalSection(SolutionConfigurationPlatforms) = preSolution
		Debug|ARM = Debug|ARM
		Debug|x64 = Debug|x64
		Debug|x86 = Debug|x86
		Release|ARM = Release|ARM
		Release|x64 = Release|x64
		Release|x86 = Release|x86
	EndGlobalSection
	GlobalSection(ProjectConfigurationPlatforms) = postSolution
		{EE7DCDE9-6476-492A-8C24-06E39DB61F6B}.Debug|ARM.ActiveCfg = Debug|ARM
		{EE7DCDE9-6476-492A-8C24-06E39DB61F6B}.Debug|ARM.Build.0 = Debug|ARM
		{EE7DCDE9-6476-492A-8C24-06E39DB61F6B}.Debug|ARM.Deploy.0 = Debug|ARM
		{EE7DCDE9-6476-492A-8C24-06E39DB61F6B}.Debug|x64.ActiveCfg = Debug|ARM
		{EE7DCDE9-6476-492A-8C24-06E39DB61F6B}.Debug|x86.ActiveCfg = Debug|ARM
		{EE7DCDE9-6476-492A-8C24-06E39DB61F6B}.Release|ARM.ActiveCfg = Release|ARM
		{EE7DCDE9-6476-492A-8C24-06E39DB61F6B}.Release|ARM.Build.0 = Release|ARM
		{EE7DCDE9-6476-492A-8C24-06E39DB61F6B}.Release|ARM.Deploy.0 = Release|ARM
		{EE7DCDE9-6476-492A-8C24-06E39DB61F6B}.Release|x64.ActiveCfg = Release|ARM
		{EE7DCDE9-6476-492A-8C24-06E39DB61F6B}.Release|x86.ActiveCfg = Release|ARM
	EndGlobalSection
	GlobalSection(SolutionProperties) = preSolution
		HideSolutionNode = FALSE
	EndGlobalSection
	GlobalSection(ExtensibilityGlobals) = postSolution
		SolutionGuid = {8C438B0B-C754-4682-8682-857278C5BB11}
	EndGlobalSection
EndGlobal
